
Microsoft Visual Studio Solution File, Format Version 12.00
# Visual Studio Version 17
VisualStudioVersion = 17.5.002.0
MinimumVisualStudioVersion = 10.0.40219.1
Project("{9A19103F-16F7-4668-BE54-9A1E7A4F7556}") = "simple-arithmetic-carmelo-kyles-student", "simple-arithmetic-carmelo-kyles-student.csproj", "{C60AA555-3EC3-44AE-BE73-47DE632635B8}"
EndProject
Global
	GlobalSection(SolutionConfigurationPlatforms) = preSolution
		Debug|Any CPU = Debug|Any CPU
		Release|Any CPU = Release|Any CPU
	EndGlobalSection
	GlobalSection(ProjectConfigurationPlatforms) = postSolution
		{C60AA555-3EC3-44AE-BE73-47DE632635B8}.Debug|Any CPU.ActiveCfg = Debug|Any CPU
		{C60AA555-3EC3-44AE-BE73-47DE632635B8}.Debug|Any CPU.Build.0 = Debug|Any CPU
		{C60AA555-3EC3-44AE-BE73-47DE632635B8}.Release|Any CPU.ActiveCfg = Release|Any CPU
		{C60AA555-3EC3-44AE-BE73-47DE632635B8}.Release|Any CPU.Build.0 = Release|Any CPU
	EndGlobalSection
	GlobalSection(SolutionProperties) = preSolution
		HideSolutionNode = FALSE
	EndGlobalSection
	GlobalSection(ExtensibilityGlobals) = postSolution
		SolutionGuid = {37A4ED44-1D7B-4147-9185-848F6A131D1C}
	EndGlobalSection
EndGlobal
